# This file is automatically @generated by Poetry 2.1.3 and should not be changed by hand.

[[package]]
name = "structlog"
version = "25.5.0"
description = "Structured Logging for Python"
optional = false
python-versions = ">=3.8"
groups = ["main"]
files = [
    {file = "structlog-25.5.0-py3-none-any.whl", hash = "sha256:a8453e9b9e636ec59bd9e79bbd4a72f025981b3ba0f5837aebf48f02f37a7f9f"},
    {file = "structlog-25.5.0.tar.gz", hash = "sha256:098522a3bebed9153d4570c6d0288abf80a031dfdb2048d59a49e9dc2190fc98"},
]

[metadata]
lock-version = "2.1"
python-versions = ">=3.12"
content-hash = "7e5a38a29e7dce156f9b9969724fc1793f9481471c6cda836504be58bfe225d2"
